// !$*UTF8*$!
{
	archiveVersion = 1;
	classes = {
	};
	objectVersion = 46;
	objects = {

/* Begin PBXBuildFile section */
		2E44071E1A97D9F6002B781F /* AppDelegate.swift in Sources */ = {isa = PBXBuildFile; fileRef = 2E44071D1A97D9F6002B781F /* AppDelegate.swift */; };
		2E4407201A97D9F6002B781F /* ViewController.swift in Sources */ = {isa = PBXBuildFile; fileRef = 2E44071F1A97D9F6002B781F /* ViewController.swift */; };
		2E4407231A97D9F6002B781F /* Main.storyboard in Resources */ = {isa = PBXBuildFile; fileRef = 2E4407211A97D9F6002B781F /* Main.storyboard */; };
		2E4407251A97D9F6002B781F /* Images.xcassets in Resources */ = {isa = PBXBuildFile; fileRef = 2E4407241A97D9F6002B781F /* Images.xcassets */; };
		2E4407281A97D9F6002B781F /* LaunchScreen.xib in Resources */ = {isa = PBXBuildFile; fileRef = 2E4407261A97D9F6002B781F /* LaunchScreen.xib */; };
		2E4407341A97D9F6002B781F /* BeeSmarterTests.swift in Sources */ = {isa = PBXBuildFile; fileRef = 2E4407331A97D9F6002B781F /* BeeSmarterTests.swift */; };
		D13B72E81A97DC3E0098E9FF /* Communication.swift in Sources */ = {isa = PBXBuildFile; fileRef = D13B72E71A97DC3E0098E9FF /* Communication.swift */; };
/* End PBXBuildFile section */

/* Begin PBXContainerItemProxy section */
		2E44072E1A97D9F6002B781F /* PBXContainerItemProxy */ = {
			isa = PBXContainerItemProxy;
			containerPortal = 2E4407101A97D9F6002B781F /* Project object */;
			proxyType = 1;
			remoteGlobalIDString = 2E4407171A97D9F6002B781F;
			remoteInfo = BeeSmarter;
		};
/* End PBXContainerItemProxy section */

/* Begin PBXFileReference section */
		2E4407181A97D9F6002B781F /* BeeSmarter.app */ = {isa = PBXFileReference; explicitFileType = wrapper.application; includeInIndex = 0; path = BeeSmarter.app; sourceTree = BUILT_PRODUCTS_DIR; };
		2E44071C1A97D9F6002B781F /* Info.plist */ = {isa = PBXFileReference; lastKnownFileType = text.plist.xml; path = Info.plist; sourceTree = "<group>"; };
		2E44071D1A97D9F6002B781F /* AppDelegate.swift */ = {isa = PBXFileReference; lastKnownFileType = sourcecode.swift; path = AppDelegate.swift; sourceTree = "<group>"; };
		2E44071F1A97D9F6002B781F /* ViewController.swift */ = {isa = PBXFileReference; lastKnownFileType = sourcecode.swift; path = ViewController.swift; sourceTree = "<group>"; };
		2E4407221A97D9F6002B781F /* Base */ = {isa = PBXFileReference; lastKnownFileType = file.storyboard; name = Base; path = Base.lproj/Main.storyboard; sourceTree = "<group>"; };
		2E4407241A97D9F6002B781F /* Images.xcassets */ = {isa = PBXFileReference; lastKnownFileType = folder.assetcatalog; path = Images.xcassets; sourceTree = "<group>"; };
		2E4407271A97D9F6002B781F /* Base */ = {isa = PBXFileReference; lastKnownFileType = file.xib; name = Base; path = Base.lproj/LaunchScreen.xib; sourceTree = "<group>"; };
		2E44072D1A97D9F6002B781F /* BeeSmarterTests.xctest */ = {isa = PBXFileReference; explicitFileType = wrapper.cfbundle; includeInIndex = 0; path = BeeSmarterTests.xctest; sourceTree = BUILT_PRODUCTS_DIR; };
		2E4407321A97D9F6002B781F /* Info.plist */ = {isa = PBXFileReference; lastKnownFileType = text.plist.xml; path = Info.plist; sourceTree = "<group>"; };
		2E4407331A97D9F6002B781F /* BeeSmarterTests.swift */ = {isa = PBXFileReference; lastKnownFileType = sourcecode.swift; path = BeeSmarterTests.swift; sourceTree = "<group>"; };
		D13B72E71A97DC3E0098E9FF /* Communication.swift */ = {isa = PBXFileReference; fileEncoding = 4; lastKnownFileType = sourcecode.swift; path = Communication.swift; sourceTree = "<group>"; };
/* End PBXFileReference section */

/* Begin PBXFrameworksBuildPhase section */
		2E4407151A97D9F6002B781F /* Frameworks */ = {
			isa = PBXFrameworksBuildPhase;
			buildActionMask = 2147483647;
			files = (
			);
			runOnlyForDeploymentPostprocessing = 0;
		};
		2E44072A1A97D9F6002B781F /* Frameworks */ = {
			isa = PBXFrameworksBuildPhase;
			buildActionMask = 2147483647;
			files = (
			);
			runOnlyForDeploymentPostprocessing = 0;
		};
/* End PBXFrameworksBuildPhase section */

/* Begin PBXGroup section */
		2E44070F1A97D9F6002B781F = {
			isa = PBXGroup;
			children = (
				2E44071A1A97D9F6002B781F /* BeeSmarter */,
				2E4407301A97D9F6002B781F /* BeeSmarterTests */,
				2E4407191A97D9F6002B781F /* Products */,
			);
			sourceTree = "<group>";
		};
		2E4407191A97D9F6002B781F /* Products */ = {
			isa = PBXGroup;
			children = (
				2E4407181A97D9F6002B781F /* BeeSmarter.app */,
				2E44072D1A97D9F6002B781F /* BeeSmarterTests.xctest */,
			);
			name = Products;
			sourceTree = "<group>";
		};
		2E44071A1A97D9F6002B781F /* BeeSmarter */ = {
			isa = PBXGroup;
			children = (
				2E44071D1A97D9F6002B781F /* AppDelegate.swift */,
				2E44071F1A97D9F6002B781F /* ViewController.swift */,
				D13B72E71A97DC3E0098E9FF /* Communication.swift */,
				2E4407211A97D9F6002B781F /* Main.storyboard */,
				2E4407241A97D9F6002B781F /* Images.xcassets */,
				2E4407261A97D9F6002B781F /* LaunchScreen.xib */,
				2E44071B1A97D9F6002B781F /* Supporting Files */,
			);
			path = BeeSmarter;
			sourceTree = "<group>";
		};
		2E44071B1A97D9F6002B781F /* Supporting Files */ = {
			isa = PBXGroup;
			children = (
				2E44071C1A97D9F6002B781F /* Info.plist */,
			);
			name = "Supporting Files";
			sourceTree = "<group>";
		};
		2E4407301A97D9F6002B781F /* BeeSmarterTests */ = {
			isa = PBXGroup;
			children = (
				2E4407331A97D9F6002B781F /* BeeSmarterTests.swift */,
				2E4407311A97D9F6002B781F /* Supporting Files */,
			);
			path = BeeSmarterTests;
			sourceTree = "<group>";
		};
		2E4407311A97D9F6002B781F /* Supporting Files */ = {
			isa = PBXGroup;
			children = (
				2E4407321A97D9F6002B781F /* Info.plist */,
			);
			name = "Supporting Files";
			sourceTree = "<group>";
		};
/* End PBXGroup section */

/* Begin PBXNativeTarget section */
		2E4407171A97D9F6002B781F /* BeeSmarter */ = {
			isa = PBXNativeTarget;
			buildConfigurationList = 2E4407371A97D9F6002B781F /* Build configuration list for PBXNativeTarget "BeeSmarter" */;
			buildPhases = (
				2E4407141A97D9F6002B781F /* Sources */,
				2E4407151A97D9F6002B781F /* Frameworks */,
				2E4407161A97D9F6002B781F /* Resources */,
			);
			buildRules = (
			);
			dependencies = (
			);
			name = BeeSmarter;
			productName = BeeSmarter;
			productReference = 2E4407181A97D9F6002B781F /* BeeSmarter.app */;
			productType = "com.apple.product-type.application";
		};
		2E44072C1A97D9F6002B781F /* BeeSmarterTests */ = {
			isa = PBXNativeTarget;
			buildConfigurationList = 2E44073A1A97D9F6002B781F /* Build configuration list for PBXNativeTarget "BeeSmarterTests" */;
			buildPhases = (
				2E4407291A97D9F6002B781F /* Sources */,
				2E44072A1A97D9F6002B781F /* Frameworks */,
				2E44072B1A97D9F6002B781F /* Resources */,
			);
			buildRules = (
			);
			dependencies = (
				2E44072F1A97D9F6002B781F /* PBXTargetDependency */,
			);
			name = BeeSmarterTests;
			productName = BeeSmarterTests;
			productReference = 2E44072D1A97D9F6002B781F /* BeeSmarterTests.xctest */;
			productType = "com.apple.product-type.bundle.unit-test";
		};
/* End PBXNativeTarget section */

/* Begin PBXProject section */
		2E4407101A97D9F6002B781F /* Project object */ = {
			isa = PBXProject;
			attributes = {
				LastUpgradeCheck = 0610;
				ORGANIZATIONNAME = "Lamb­da";
				TargetAttributes = {
					2E4407171A97D9F6002B781F = {
						CreatedOnToolsVersion = 6.1.1;
					};
					2E44072C1A97D9F6002B781F = {
						CreatedOnToolsVersion = 6.1.1;
						TestTargetID = 2E4407171A97D9F6002B781F;
					};
				};
			};
			buildConfigurationList = 2E4407131A97D9F6002B781F /* Build configuration list for PBXProject "BeeSmarter" */;
			compatibilityVersion = "Xcode 3.2";
			developmentRegion = English;
			hasScannedForEncodings = 0;
			knownRegions = (
				en,
				Base,
			);
			mainGroup = 2E44070F1A97D9F6002B781F;
			productRefGroup = 2E4407191A97D9F6002B781F /* Products */;
			projectDirPath = "";
			projectRoot = "";
			targets = (
				2E4407171A97D9F6002B781F /* BeeSmarter */,
				2E44072C1A97D9F6002B781F /* BeeSmarterTests */,
			);
		};
/* End PBXProject section */

/* Begin PBXResourcesBuildPhase section */
		2E4407161A97D9F6002B781F /* Resources */ = {
			isa = PBXResourcesBuildPhase;
			buildActionMask = 2147483647;
			files = (
				2E4407231A97D9F6002B781F /* Main.storyboard in Resources */,
				2E4407281A97D9F6002B781F /* LaunchScreen.xib in Resources */,
				2E4407251A97D9F6002B781F /* Images.xcassets in Resources */,
			);
			runOnlyForDeploymentPostprocessing = 0;
		};
		2E44072B1A97D9F6002B781F /* Resources */ = {
			isa = PBXResourcesBuildPhase;
			buildActionMask = 2147483647;
			files = (
			);
			runOnlyForDeploymentPostprocessing = 0;
		};
/* End PBXResourcesBuildPhase section */

/* Begin PBXSourcesBuildPhase section */
		2E4407141A97D9F6002B781F /* Sources */ = {
			isa = PBXSourcesBuildPhase;
			buildActionMask = 2147483647;
			files = (
				2E4407201A97D9F6002B781F /* ViewController.swift in Sources */,
				2E44071E1A97D9F6002B781F /* AppDelegate.swift in Sources */,
				D13B72E81A97DC3E0098E9FF /* Communication.swift in Sources */,
			);
			runOnlyForDeploymentPostprocessing = 0;
		};
		2E4407291A97D9F6002B781F /* Sources */ = {
			isa = PBXSourcesBuildPhase;
			buildActionMask = 2147483647;
			files = (
				2E4407341A97D9F6002B781F /* BeeSmarterTests.swift in Sources */,
			);
			runOnlyForDeploymentPostprocessing = 0;
		};
/* End PBXSourcesBuildPhase section */

/* Begin PBXTargetDependency section */
		2E44072F1A97D9F6002B781F /* PBXTargetDependency */ = {
			isa = PBXTargetDependency;
			target = 2E4407171A97D9F6002B781F /* BeeSmarter */;
			targetProxy = 2E44072E1A97D9F6002B781F /* PBXContainerItemProxy */;
		};
/* End PBXTargetDependency section */

/* Begin PBXVariantGroup section */
		2E4407211A97D9F6002B781F /* Main.storyboard */ = {
			isa = PBXVariantGroup;
			children = (
				2E4407221A97D9F6002B781F /* Base */,
			);
			name = Main.storyboard;
			sourceTree = "<group>";
		};
		2E4407261A97D9F6002B781F /* LaunchScreen.xib */ = {
			isa = PBXVariantGroup;
			children = (
				2E4407271A97D9F6002B781F /* Base */,
			);
			name = LaunchScreen.xib;
			sourceTree = "<group>";
		};
/* End PBXVariantGroup section */

/* Begin XCBuildConfiguration section */
		2E4407351A97D9F6002B781F /* Debug */ = {
			isa = XCBuildConfiguration;
			buildSettings = {
				ALWAYS_SEARCH_USER_PATHS = NO;
				CLANG_CXX_LANGUAGE_STANDARD = "gnu++0x";
				CLANG_CXX_LIBRARY = "libc++";
				CLANG_ENABLE_MODULES = YES;
				CLANG_ENABLE_OBJC_ARC = YES;
				CLANG_WARN_BOOL_CONVERSION = YES;
				CLANG_WARN_CONSTANT_CONVERSION = YES;
				CLANG_WARN_DIRECT_OBJC_ISA_USAGE = YES_ERROR;
				CLANG_WARN_EMPTY_BODY = YES;
				CLANG_WARN_ENUM_CONVERSION = YES;
				CLANG_WARN_INT_CONVERSION = YES;
				CLANG_WARN_OBJC_ROOT_CLASS = YES_ERROR;
				CLANG_WARN_UNREACHABLE_CODE = YES;
				CLANG_WARN__DUPLICATE_METHOD_MATCH = YES;
				"CODE_SIGN_IDENTITY[sdk=iphoneos*]" = "iPhone Developer";
				COPY_PHASE_STRIP = NO;
				ENABLE_STRICT_OBJC_MSGSEND = YES;
				GCC_C_LANGUAGE_STANDARD = gnu99;
				GCC_DYNAMIC_NO_PIC = NO;
				GCC_OPTIMIZATION_LEVEL = 0;
				GCC_PREPROCESSOR_DEFINITIONS = (
					"DEBUG=1",
					"$(inherited)",
				);
				GCC_SYMBOLS_PRIVATE_EXTERN = NO;
				GCC_WARN_64_TO_32_BIT_CONVERSION = YES;
				GCC_WARN_ABOUT_RETURN_TYPE = YES_ERROR;
				GCC_WARN_UNDECLARED_SELECTOR = YES;
				GCC_WARN_UNINITIALIZED_AUTOS = YES_AGGRESSIVE;
				GCC_WARN_UNUSED_FUNCTION = YES;
				GCC_WARN_UNUSED_VARIABLE = YES;
				IPHONEOS_DEPLOYMENT_TARGET = 8.1;
				MTL_ENABLE_DEBUG_INFO = YES;
				ONLY_ACTIVE_ARCH = YES;
				SDKROOT = iphoneos;
				SWIFT_OPTIMIZATION_LEVEL = "-Onone";
			};
			name = Debug;
		};
		2E4407361A97D9F6002B781F /* Release */ = {
			isa = XCBuildConfiguration;
			buildSettings = {
				ALWAYS_SEARCH_USER_PATHS = NO;
				CLANG_CXX_LANGUAGE_STANDARD = "gnu++0x";
				CLANG_CXX_LIBRARY = "libc++";
				CLANG_ENABLE_MODULES = YES;
				CLANG_ENABLE_OBJC_ARC = YES;
				CLANG_WARN_BOOL_CONVERSION = YES;
				CLANG_WARN_CONSTANT_CONVERSION = YES;
				CLANG_WARN_DIRECT_OBJC_ISA_USAGE = YES_ERROR;
				CLANG_WARN_EMPTY_BODY = YES;
				CLANG_WARN_ENUM_CONVERSION = YES;
				CLANG_WARN_INT_CONVERSION = YES;
				CLANG_WARN_OBJC_ROOT_CLASS = YES_ERROR;
				CLANG_WARN_UNREACHABLE_CODE = YES;
				CLANG_WARN__DUPLICATE_METHOD_MATCH = YES;
				"CODE_SIGN_IDENTITY[sdk=iphoneos*]" = "iPhone Developer";
				COPY_PHASE_STRIP = YES;
				ENABLE_NS_ASSERTIONS = NO;
				ENABLE_STRICT_OBJC_MSGSEND = YES;
				GCC_C_LANGUAGE_STANDARD = gnu99;
				GCC_WARN_64_TO_32_BIT_CONVERSION = YES;
				GCC_WARN_ABOUT_RETURN_TYPE = YES_ERROR;
				GCC_WARN_UNDECLARED_SELECTOR = YES;
				GCC_WARN_UNINITIALIZED_AUTOS = YES_AGGRESSIVE;
				GCC_WARN_UNUSED_FUNCTION = YES;
				GCC_WARN_UNUSED_VARIABLE = YES;
				IPHONEOS_DEPLOYMENT_TARGET = 8.1;
				MTL_ENABLE_DEBUG_INFO = NO;
				SDKROOT = iphoneos;
				VALIDATE_PRODUCT = YES;
			};
			name = Release;
		};
		2E4407381A97D9F6002B781F /* Debug */ = {
			isa = XCBuildConfiguration;
			buildSettings = {
				ASSETCATALOG_COMPILER_APPICON_NAME = AppIcon;
				INFOPLIST_FILE = BeeSmarter/Info.plist;
				LD_RUNPATH_SEARCH_PATHS = "$(inherited) @executable_path/Frameworks";
				PRODUCT_NAME = "$(TARGET_NAME)";
			};
			name = Debug;
		};
		2E4407391A97D9F6002B781F /* Release */ = {
			isa = XCBuildConfiguration;
			buildSettings = {
				ASSETCATALOG_COMPILER_APPICON_NAME = AppIcon;
				INFOPLIST_FILE = BeeSmarter/Info.plist;
				LD_RUNPATH_SEARCH_PATHS = "$(inherited) @executable_path/Frameworks";
				PRODUCT_NAME = "$(TARGET_NAME)";
			};
			name = Release;
		};
		2E44073B1A97D9F6002B781F /* Debug */ = {
			isa = XCBuildConfiguration;
			buildSettings = {
				BUNDLE_LOADER = "$(TEST_HOST)";
				FRAMEWORK_SEARCH_PATHS = (
					"$(SDKROOT)/Developer/Library/Frameworks",
					"$(inherited)",
				);
				GCC_PREPROCESSOR_DEFINITIONS = (
					"DEBUG=1",
					"$(inherited)",
				);
				INFOPLIST_FILE = BeeSmarterTests/Info.plist;
				LD_RUNPATH_SEARCH_PATHS = "$(inherited) @executable_path/Frameworks @loader_path/Frameworks";
				PRODUCT_NAME = "$(TARGET_NAME)";
				TEST_HOST = "$(BUILT_PRODUCTS_DIR)/BeeSmarter.app/BeeSmarter";
			};
			name = Debug;
		};
		2E44073C1A97D9F6002B781F /* Release */ = {
			isa = XCBuildConfiguration;
			buildSettings = {
				BUNDLE_LOADER = "$(TEST_HOST)";
				FRAMEWORK_SEARCH_PATHS = (
					"$(SDKROOT)/Developer/Library/Frameworks",
					"$(inherited)",
				);
				INFOPLIST_FILE = BeeSmarterTests/Info.plist;
				LD_RUNPATH_SEARCH_PATHS = "$(inherited) @executable_path/Frameworks @loader_path/Frameworks";
				PRODUCT_NAME = "$(TARGET_NAME)";
				TEST_HOST = "$(BUILT_PRODUCTS_DIR)/BeeSmarter.app/BeeSmarter";
			};
			name = Release;
		};
/* End XCBuildConfiguration section */

/* Begin XCConfigurationList section */
		2E4407131A97D9F6002B781F /* Build configuration list for PBXProject "BeeSmarter" */ = {
			isa = XCConfigurationList;
			buildConfigurations = (
				2E4407351A97D9F6002B781F /* Debug */,
				2E4407361A97D9F6002B781F /* Release */,
			);
			defaultConfigurationIsVisible = 0;
			defaultConfigurationName = Release;
		};
		2E4407371A97D9F6002B781F /* Build configuration list for PBXNativeTarget "BeeSmarter" */ = {
			isa = XCConfigurationList;
			buildConfigurations = (
				2E4407381A97D9F6002B781F /* Debug */,
				2E4407391A97D9F6002B781F /* Release */,
			);
			defaultConfigurationIsVisible = 0;
			defaultConfigurationName = Release;
		};
		2E44073A1A97D9F6002B781F /* Build configuration list for PBXNativeTarget "BeeSmarterTests" */ = {
			isa = XCConfigurationList;
			buildConfigurations = (
				2E44073B1A97D9F6002B781F /* Debug */,
				2E44073C1A97D9F6002B781F /* Release */,
			);
			defaultConfigurationIsVisible = 0;
			defaultConfigurationName = Release;
		};
/* End XCConfigurationList section */
	};
	rootObject = 2E4407101A97D9F6002B781F /* Project object */;
}
